dependencies:
- name: pgvector
  repository: https://rh-ai-quickstart.github.io/ai-architecture-charts
  version: 0.5.5
- name: llama-stack
  repository: file://../../../ai-architecture-charts/llama-stack/helm
  version: 0.8.8
- name: llm-service
  repository: file://../../../ai-architecture-charts/llm-service/helm
  version: 0.5.11
- name: mcp-servers
  repository: https://rh-ai-quickstart.github.io/ai-architecture-charts
  version: 0.5.17
- name: kafka
  repository: file://charts/kafka
  version: 0.1.0
- name: minio
  repository: file://charts/minio
  version: 0.5.5
- name: lokistack
  repository: file://charts/lokistack
  version: 0.1.0
- name: playground
  repository: file://../../../ai-architecture-charts/playground/helm
  version: 0.0.1
digest: sha256:3745b42661ff898be1a1bc9ffeaf48385c6ed835c629065486e9b246c3d38eb8
generated: "2026-07-13T09:28:45.170105-04:00"
